// !$*UTF8*$!
{
	archiveVersion = 1;
	classes = {
	};
	objectVersion = 48;
	objects = {

/* Begin PBXBuildFile section */
		671EACB0203612DE000CDFEC /* AppDelegate.swift in Sources */ = {isa = PBXBuildFile; fileRef = 671EACAF203612DE000CDFEC /* AppDelegate.swift */; };
		671EACB2203612DE000CDFEC /* ToDoListViewController.swift in Sources */ = {isa = PBXBuildFile; fileRef = 671EACB1203612DE000CDFEC /* ToDoListViewController.swift */; };
		671EACB5203612DE000CDFEC /* Main.storyboard in Resources */ = {isa = PBXBuildFile; fileRef = 671EACB3203612DE000CDFEC /* Main.storyboard */; };
		671EACBA203612DE000CDFEC /* Assets.xcassets in Resources */ = {isa = PBXBuildFile; fileRef = 671EACB9203612DE000CDFEC /* Assets.xcassets */; };
		671EACBD203612DE000CDFEC /* LaunchScreen.storyboard in Resources */ = {isa = PBXBuildFile; fileRef = 671EACBB203612DE000CDFEC /* LaunchScreen.storyboard */; };
		67312F7D2036A45500A4D0B4 /* CategoryViewController.swift in Sources */ = {isa = PBXBuildFile; fileRef = 67312F7C2036A45500A4D0B4 /* CategoryViewController.swift */; };
		679BBE92203B07FB0081C663 /* Item.swift in Sources */ = {isa = PBXBuildFile; fileRef = 679BBE91203B07FB0081C663 /* Item.swift */; };
		679BBE94203B080C0081C663 /* Category.swift in Sources */ = {isa = PBXBuildFile; fileRef = 679BBE93203B080C0081C663 /* Category.swift */; };
		F1AB046DA14C601B02C631E4 /* Pods_MyLists.framework in Frameworks */ = {isa = PBXBuildFile; fileRef = 6D738272AD753F3AFF4EF523 /* Pods_MyLists.framework */; };
/* End PBXBuildFile section */

/* Begin PBXFileReference section */
		0AC5EFCBA44C8E881D03C82E /* Pods-MyLists.release.xcconfig */ = {isa = PBXFileReference; includeInIndex = 1; lastKnownFileType = text.xcconfig; name = "Pods-MyLists.release.xcconfig"; path = "Pods/Target Support Files/Pods-MyLists/Pods-MyLists.release.xcconfig"; sourceTree = "<group>"; };
		671EACAC203612DE000CDFEC /* MyLists.app */ = {isa = PBXFileReference; explicitFileType = wrapper.application; includeInIndex = 0; path = MyLists.app; sourceTree = BUILT_PRODUCTS_DIR; };
		671EACAF203612DE000CDFEC /* AppDelegate.swift */ = {isa = PBXFileReference; lastKnownFileType = sourcecode.swift; path = AppDelegate.swift; sourceTree = "<group>"; };
		671EACB1203612DE000CDFEC /* ToDoListViewController.swift */ = {isa = PBXFileReference; lastKnownFileType = sourcecode.swift; path = ToDoListViewController.swift; sourceTree = "<group>"; };
		671EACB4203612DE000CDFEC /* Base */ = {isa = PBXFileReference; lastKnownFileType = file.storyboard; name = Base; path = Base.lproj/Main.storyboard; sourceTree = "<group>"; };
		671EACB9203612DE000CDFEC /* Assets.xcassets */ = {isa = PBXFileReference; lastKnownFileType = folder.assetcatalog; path = Assets.xcassets; sourceTree = "<group>"; };
		671EACBC203612DE000CDFEC /* Base */ = {isa = PBXFileReference; lastKnownFileType = file.storyboard; name = Base; path = Base.lproj/LaunchScreen.storyboard; sourceTree = "<group>"; };
		671EACBE203612DE000CDFEC /* Info.plist */ = {isa = PBXFileReference; lastKnownFileType = text.plist.xml; path = Info.plist; sourceTree = "<group>"; };
		67312F7C2036A45500A4D0B4 /* CategoryViewController.swift */ = {isa = PBXFileReference; lastKnownFileType = sourcecode.swift; name = CategoryViewController.swift; path = MyLists/Controllers/CategoryViewController.swift; sourceTree = SOURCE_ROOT; };
		679BBE91203B07FB0081C663 /* Item.swift */ = {isa = PBXFileReference; lastKnownFileType = sourcecode.swift; path = Item.swift; sourceTree = "<group>"; };
		679BBE93203B080C0081C663 /* Category.swift */ = {isa = PBXFileReference; lastKnownFileType = sourcecode.swift; path = Category.swift; sourceTree = "<group>"; };
		6D738272AD753F3AFF4EF523 /* Pods_MyLists.framework */ = {isa = PBXFileReference; explicitFileType = wrapper.framework; includeInIndex = 0; path = Pods_MyLists.framework; sourceTree = BUILT_PRODUCTS_DIR; };
		836E3F7242AE347D45FB1DF2 /* Pods-MyLists.debug.xcconfig */ = {isa = PBXFileReference; includeInIndex = 1; lastKnownFileType = text.xcconfig; name = "Pods-MyLists.debug.xcconfig"; path = "Pods/Target Support Files/Pods-MyLists/Pods-MyLists.debug.xcconfig"; sourceTree = "<group>"; };
/* End PBXFileReference section */

/* Begin PBXFrameworksBuildPhase section */
		671EACA9203612DE000CDFEC /* Frameworks */ = {
			isa = PBXFrameworksBuildPhase;
			buildActionMask = 2147483647;
			files = (
				F1AB046DA14C601B02C631E4 /* Pods_MyLists.framework in Frameworks */,
			);
			runOnlyForDeploymentPostprocessing = 0;
		};
/* End PBXFrameworksBuildPhase section */

/* Begin PBXGroup section */
		3B98F5ACD79EC202EDD48BE2 /* Pods */ = {
			isa = PBXGroup;
			children = (
				836E3F7242AE347D45FB1DF2 /* Pods-MyLists.debug.xcconfig */,
				0AC5EFCBA44C8E881D03C82E /* Pods-MyLists.release.xcconfig */,
			);
			name = Pods;
			sourceTree = "<group>";
		};
		671EACA3203612DE000CDFEC = {
			isa = PBXGroup;
			children = (
				671EACAE203612DE000CDFEC /* MyLists */,
				671EACAD203612DE000CDFEC /* Products */,
				3B98F5ACD79EC202EDD48BE2 /* Pods */,
				EE3DC106DE9C475B7C986E93 /* Frameworks */,
			);
			sourceTree = "<group>";
		};
		671EACAD203612DE000CDFEC /* Products */ = {
			isa = PBXGroup;
			children = (
				671EACAC203612DE000CDFEC /* MyLists.app */,
			);
			name = Products;
			sourceTree = "<group>";
		};
		671EACAE203612DE000CDFEC /* MyLists */ = {
			isa = PBXGroup;
			children = (
				671EACAF203612DE000CDFEC /* AppDelegate.swift */,
				671EACC8203653A5000CDFEC /* Controllers */,
				671EACC620365384000CDFEC /* Data Models */,
				671EACC720365399000CDFEC /* View */,
				671EACC9203653E7000CDFEC /* Supporting Files */,
				671EACBE203612DE000CDFEC /* Info.plist */,
			);
			path = MyLists;
			sourceTree = "<group>";
		};
		671EACC620365384000CDFEC /* Data Models */ = {
			isa = PBXGroup;
			children = (
				679BBE93203B080C0081C663 /* Category.swift */,
				679BBE91203B07FB0081C663 /* Item.swift */,
			);
			path = "Data Models";
			sourceTree = "<group>";
		};
		671EACC720365399000CDFEC /* View */ = {
			isa = PBXGroup;
			children = (
				671EACB3203612DE000CDFEC /* Main.storyboard */,
			);
			path = View;
			sourceTree = "<group>";
		};
		671EACC8203653A5000CDFEC /* Controllers */ = {
			isa = PBXGroup;
			children = (
				67312F7C2036A45500A4D0B4 /* CategoryViewController.swift */,
				671EACB1203612DE000CDFEC /* ToDoListViewController.swift */,
			);
			path = Controllers;
			sourceTree = "<group>";
		};
		671EACC9203653E7000CDFEC /* Supporting Files */ = {
			isa = PBXGroup;
			children = (
				671EACB9203612DE000CDFEC /* Assets.xcassets */,
				671EACBB203612DE000CDFEC /* LaunchScreen.storyboard */,
			);
			path = "Supporting Files";
			sourceTree = "<group>";
		};
		EE3DC106DE9C475B7C986E93 /* Frameworks */ = {
			isa = PBXGroup;
			children = (
				6D738272AD753F3AFF4EF523 /* Pods_MyLists.framework */,
			);
			name = Frameworks;
			sourceTree = "<group>";
		};
/* End PBXGroup section */

/* Begin PBXNativeTarget section */
		671EACAB203612DE000CDFEC /* MyLists */ = {
			isa = PBXNativeTarget;
			buildConfigurationList = 671EACC1203612DE000CDFEC /* Build configuration list for PBXNativeTarget "MyLists" */;
			buildPhases = (
				BB7B0AA799C47BE5C5FE7867 /* [CP] Check Pods Manifest.lock */,
				671EACA8203612DE000CDFEC /* Sources */,
				671EACA9203612DE000CDFEC /* Frameworks */,
				671EACAA203612DE000CDFEC /* Resources */,
				813D70B6229F1AA04F7984DF /* [CP] Embed Pods Frameworks */,
				46317842230C0D482DC57F1B /* [CP] Copy Pods Resources */,
			);
			buildRules = (
			);
			dependencies = (
			);
			name = MyLists;
			productName = MyLists;
			productReference = 671EACAC203612DE000CDFEC /* MyLists.app */;
			productType = "com.apple.product-type.application";
		};
/* End PBXNativeTarget section */

/* Begin PBXProject section */
		671EACA4203612DE000CDFEC /* Project object */ = {
			isa = PBXProject;
			attributes = {
				LastSwiftUpdateCheck = 0920;
				LastUpgradeCheck = 0920;
				ORGANIZATIONNAME = "Chris Davis";
				TargetAttributes = {
					671EACAB203612DE000CDFEC = {
						CreatedOnToolsVersion = 9.2;
						ProvisioningStyle = Automatic;
					};
				};
			};
			buildConfigurationList = 671EACA7203612DE000CDFEC /* Build configuration list for PBXProject "MyLists" */;
			compatibilityVersion = "Xcode 8.0";
			developmentRegion = en;
			hasScannedForEncodings = 0;
			knownRegions = (
				en,
				Base,
			);
			mainGroup = 671EACA3203612DE000CDFEC;
			productRefGroup = 671EACAD203612DE000CDFEC /* Products */;
			projectDirPath = "";
			projectRoot = "";
			targets = (
				671EACAB203612DE000CDFEC /* MyLists */,
			);
		};
/* End PBXProject section */

/* Begin PBXResourcesBuildPhase section */
		671EACAA203612DE000CDFEC /* Resources */ = {
			isa = PBXResourcesBuildPhase;
			buildActionMask = 2147483647;
			files = (
				671EACBD203612DE000CDFEC /* LaunchScreen.storyboard in Resources */,
				671EACBA203612DE000CDFEC /* Assets.xcassets in Resources */,
				671EACB5203612DE000CDFEC /* Main.storyboard in Resources */,
			);
			runOnlyForDeploymentPostprocessing = 0;
		};
/* End PBXResourcesBuildPhase section */

/* Begin PBXShellScriptBuildPhase section */
		46317842230C0D482DC57F1B /* [CP] Copy Pods Resources */ = {
			isa = PBXShellScriptBuildPhase;
			buildActionMask = 2147483647;
			files = (
			);
			inputPaths = (
			);
			name = "[CP] Copy Pods Resources";
			outputPaths = (
			);
			runOnlyForDeploymentPostprocessing = 0;
			shellPath = /bin/sh;
			shellScript = "\"${SRCROOT}/Pods/Target Support Files/Pods-MyLists/Pods-MyLists-resources.sh\"\n";
			showEnvVarsInLog = 0;
		};
		813D70B6229F1AA04F7984DF /* [CP] Embed Pods Frameworks */ = {
			isa = PBXShellScriptBuildPhase;
			buildActionMask = 2147483647;
			files = (
			);
			inputPaths = (
				"${SRCROOT}/Pods/Target Support Files/Pods-MyLists/Pods-MyLists-frameworks.sh",
				"${BUILT_PRODUCTS_DIR}/Realm/Realm.framework",
				"${BUILT_PRODUCTS_DIR}/RealmSwift/RealmSwift.framework",
			);
			name = "[CP] Embed Pods Frameworks";
			outputPaths = (
				"${TARGET_BUILD_DIR}/${FRAMEWORKS_FOLDER_PATH}/Realm.framework",
				"${TARGET_BUILD_DIR}/${FRAMEWORKS_FOLDER_PATH}/RealmSwift.framework",
			);
			runOnlyForDeploymentPostprocessing = 0;
			shellPath = /bin/sh;
			shellScript = "\"${SRCROOT}/Pods/Target Support Files/Pods-MyLists/Pods-MyLists-frameworks.sh\"\n";
			showEnvVarsInLog = 0;
		};
		BB7B0AA799C47BE5C5FE7867 /* [CP] Check Pods Manifest.lock */ = {
			isa = PBXShellScriptBuildPhase;
			buildActionMask = 2147483647;
			files = (
			);
			inputPaths = (
				"${PODS_PODFILE_DIR_PATH}/Podfile.lock",
				"${PODS_ROOT}/Manifest.lock",
			);
			name = "[CP] Check Pods Manifest.lock";
			outputPaths = (
				"$(DERIVED_FILE_DIR)/Pods-MyLists-checkManifestLockResult.txt",
			);
			runOnlyForDeploymentPostprocessing = 0;
			shellPath = /bin/sh;
			shellScript = "diff \"${PODS_PODFILE_DIR_PATH}/Podfile.lock\" \"${PODS_ROOT}/Manifest.lock\" > /dev/null\nif [ $? != 0 ] ; then\n    # print error to STDERR\n    echo \"error: The sandbox is not in sync with the Podfile.lock. Run 'pod install' or update your CocoaPods installation.\" >&2\n    exit 1\nfi\n# This output is used by Xcode 'outputs' to avoid re-running this script phase.\necho \"SUCCESS\" > \"${SCRIPT_OUTPUT_FILE_0}\"\n";
			showEnvVarsInLog = 0;
		};
/* End PBXShellScriptBuildPhase section */

/* Begin PBXSourcesBuildPhase section */
		671EACA8203612DE000CDFEC /* Sources */ = {
			isa = PBXSourcesBuildPhase;
			buildActionMask = 2147483647;
			files = (
				679BBE92203B07FB0081C663 /* Item.swift in Sources */,
				67312F7D2036A45500A4D0B4 /* CategoryViewController.swift in Sources */,
				671EACB2203612DE000CDFEC /* ToDoListViewController.swift in Sources */,
				671EACB0203612DE000CDFEC /* AppDelegate.swift in Sources */,
				679BBE94203B080C0081C663 /* Category.swift in Sources */,
			);
			runOnlyForDeploymentPostprocessing = 0;
		};
/* End PBXSourcesBuildPhase section */

/* Begin PBXVariantGroup section */
		671EACB3203612DE000CDFEC /* Main.storyboard */ = {
			isa = PBXVariantGroup;
			children = (
				671EACB4203612DE000CDFEC /* Base */,
			);
			name = Main.storyboard;
			sourceTree = "<group>";
		};
		671EACBB203612DE000CDFEC /* LaunchScreen.storyboard */ = {
			isa = PBXVariantGroup;
			children = (
				671EACBC203612DE000CDFEC /* Base */,
			);
			name = LaunchScreen.storyboard;
			sourceTree = "<group>";
		};
/* End PBXVariantGroup section */

/* Begin XCBuildConfiguration section */
		671EACBF203612DE000CDFEC /* Debug */ = {
			isa = XCBuildConfiguration;
			buildSettings = {
				ALWAYS_SEARCH_USER_PATHS = NO;
				CLANG_ANALYZER_NONNULL = YES;
				CLANG_ANALYZER_NUMBER_OBJECT_CONVERSION = YES_AGGRESSIVE;
				CLANG_CXX_LANGUAGE_STANDARD = "gnu++14";
				CLANG_CXX_LIBRARY = "libc++";
				CLANG_ENABLE_MODULES = YES;
				CLANG_ENABLE_OBJC_ARC = YES;
				CLANG_WARN_BLOCK_CAPTURE_AUTORELEASING = YES;
				CLANG_WARN_BOOL_CONVERSION = YES;
				CLANG_WARN_COMMA = YES;
				CLANG_WARN_CONSTANT_CONVERSION = YES;
				CLANG_WARN_DIRECT_OBJC_ISA_USAGE = YES_ERROR;
				CLANG_WARN_DOCUMENTATION_COMMENTS = YES;
				CLANG_WARN_EMPTY_BODY = YES;
				CLANG_WARN_ENUM_CONVERSION = YES;
				CLANG_WARN_INFINITE_RECURSION = YES;
				CLANG_WARN_INT_CONVERSION = YES;
				CLANG_WARN_NON_LITERAL_NULL_CONVERSION = YES;
				CLANG_WARN_OBJC_LITERAL_CONVERSION = YES;
				CLANG_WARN_OBJC_ROOT_CLASS = YES_ERROR;
				CLANG_WARN_RANGE_LOOP_ANALYSIS = YES;
				CLANG_WARN_STRICT_PROTOTYPES = YES;
				CLANG_WARN_SUSPICIOUS_MOVE = YES;
				CLANG_WARN_UNGUARDED_AVAILABILITY = YES_AGGRESSIVE;
				CLANG_WARN_UNREACHABLE_CODE = YES;
				CLANG_WARN__DUPLICATE_METHOD_MATCH = YES;
				CODE_SIGN_IDENTITY = "iPhone Developer";
				COPY_PHASE_STRIP = NO;
				DEBUG_INFORMATION_FORMAT = dwarf;
				ENABLE_STRICT_OBJC_MSGSEND = YES;
				ENABLE_TESTABILITY = YES;
				GCC_C_LANGUAGE_STANDARD = gnu11;
				GCC_DYNAMIC_NO_PIC = NO;
				GCC_NO_COMMON_BLOCKS = YES;
				GCC_OPTIMIZATION_LEVEL = 0;
				GCC_PREPROCESSOR_DEFINITIONS = (
					"DEBUG=1",
					"$(inherited)",
				);
				GCC_WARN_64_TO_32_BIT_CONVERSION = YES;
				GCC_WARN_ABOUT_RETURN_TYPE = YES_ERROR;
				GCC_WARN_UNDECLARED_SELECTOR = YES;
				GCC_WARN_UNINITIALIZED_AUTOS = YES_AGGRESSIVE;
				GCC_WARN_UNUSED_FUNCTION = YES;
				GCC_WARN_UNUSED_VARIABLE = YES;
				IPHONEOS_DEPLOYMENT_TARGET = 11.2;
				MTL_ENABLE_DEBUG_INFO = YES;
				ONLY_ACTIVE_ARCH = YES;
				SDKROOT = iphoneos;
				SWIFT_ACTIVE_COMPILATION_CONDITIONS = DEBUG;
				SWIFT_OPTIMIZATION_LEVEL = "-Onone";
			};
			name = Debug;
		};
		671EACC0203612DE000CDFEC /* Release */ = {
			isa = XCBuildConfiguration;
			buildSettings = {
				ALWAYS_SEARCH_USER_PATHS = NO;
				CLANG_ANALYZER_NONNULL = YES;
				CLANG_ANALYZER_NUMBER_OBJECT_CONVERSION = YES_AGGRESSIVE;
				CLANG_CXX_LANGUAGE_STANDARD = "gnu++14";
				CLANG_CXX_LIBRARY = "libc++";
				CLANG_ENABLE_MODULES = YES;
				CLANG_ENABLE_OBJC_ARC = YES;
				CLANG_WARN_BLOCK_CAPTURE_AUTORELEASING = YES;
				CLANG_WARN_BOOL_CONVERSION = YES;
				CLANG_WARN_COMMA = YES;
				CLANG_WARN_CONSTANT_CONVERSION = YES;
				CLANG_WARN_DIRECT_OBJC_ISA_USAGE = YES_ERROR;
				CLANG_WARN_DOCUMENTATION_COMMENTS = YES;
				CLANG_WARN_EMPTY_BODY = YES;
				CLANG_WARN_ENUM_CONVERSION = YES;
				CLANG_WARN_INFINITE_RECURSION = YES;
				CLANG_WARN_INT_CONVERSION = YES;
				CLANG_WARN_NON_LITERAL_NULL_CONVERSION = YES;
				CLANG_WARN_OBJC_LITERAL_CONVERSION = YES;
				CLANG_WARN_OBJC_ROOT_CLASS = YES_ERROR;
				CLANG_WARN_RANGE_LOOP_ANALYSIS = YES;
				CLANG_WARN_STRICT_PROTOTYPES = YES;
				CLANG_WARN_SUSPICIOUS_MOVE = YES;
				CLANG_WARN_UNGUARDED_AVAILABILITY = YES_AGGRESSIVE;
				CLANG_WARN_UNREACHABLE_CODE = YES;
				CLANG_WARN__DUPLICATE_METHOD_MATCH = YES;
				CODE_SIGN_IDENTITY = "iPhone Developer";
				COPY_PHASE_STRIP = NO;
				DEBUG_INFORMATION_FORMAT = "dwarf-with-dsym";
				ENABLE_NS_ASSERTIONS = NO;
				ENABLE_STRICT_OBJC_MSGSEND = YES;
				GCC_C_LANGUAGE_STANDARD = gnu11;
				GCC_NO_COMMON_BLOCKS = YES;
				GCC_WARN_64_TO_32_BIT_CONVERSION = YES;
				GCC_WARN_ABOUT_RETURN_TYPE = YES_ERROR;
				GCC_WARN_UNDECLARED_SELECTOR = YES;
				GCC_WARN_UNINITIALIZED_AUTOS = YES_AGGRESSIVE;
				GCC_WARN_UNUSED_FUNCTION = YES;
				GCC_WARN_UNUSED_VARIABLE = YES;
				IPHONEOS_DEPLOYMENT_TARGET = 11.2;
				MTL_ENABLE_DEBUG_INFO = NO;
				SDKROOT = iphoneos;
				SWIFT_OPTIMIZATION_LEVEL = "-Owholemodule";
				VALIDATE_PRODUCT = YES;
			};
			name = Release;
		};
		671EACC2203612DE000CDFEC /* Debug */ = {
			isa = XCBuildConfiguration;
			baseConfigurationReference = 836E3F7242AE347D45FB1DF2 /* Pods-MyLists.debug.xcconfig */;
			buildSettings = {
				ASSETCATALOG_COMPILER_APPICON_NAME = AppIcon;
				CODE_SIGN_STYLE = Automatic;
				DEVELOPMENT_TEAM = 3B3977JV5L;
				INFOPLIST_FILE = MyLists/Info.plist;
				LD_RUNPATH_SEARCH_PATHS = "$(inherited) @executable_path/Frameworks";
				PRODUCT_BUNDLE_IDENTIFIER = com.kinesys.MyLists;
				PRODUCT_NAME = "$(TARGET_NAME)";
				SWIFT_VERSION = 4.0;
				TARGETED_DEVICE_FAMILY = "1,2";
			};
			name = Debug;
		};
		671EACC3203612DE000CDFEC /* Release */ = {
			isa = XCBuildConfiguration;
			baseConfigurationReference = 0AC5EFCBA44C8E881D03C82E /* Pods-MyLists.release.xcconfig */;
			buildSettings = {
				ASSETCATALOG_COMPILER_APPICON_NAME = AppIcon;
				CODE_SIGN_STYLE = Automatic;
				DEVELOPMENT_TEAM = 3B3977JV5L;
				INFOPLIST_FILE = MyLists/Info.plist;
				LD_RUNPATH_SEARCH_PATHS = "$(inherited) @executable_path/Frameworks";
				PRODUCT_BUNDLE_IDENTIFIER = com.kinesys.MyLists;
				PRODUCT_NAME = "$(TARGET_NAME)";
				SWIFT_VERSION = 4.0;
				TARGETED_DEVICE_FAMILY = "1,2";
			};
			name = Release;
		};
/* End XCBuildConfiguration section */

/* Begin XCConfigurationList section */
		671EACA7203612DE000CDFEC /* Build configuration list for PBXProject "MyLists" */ = {
			isa = XCConfigurationList;
			buildConfigurations = (
				671EACBF203612DE000CDFEC /* Debug */,
				671EACC0203612DE000CDFEC /* Release */,
			);
			defaultConfigurationIsVisible = 0;
			defaultConfigurationName = Release;
		};
		671EACC1203612DE000CDFEC /* Build configuration list for PBXNativeTarget "MyLists" */ = {
			isa = XCConfigurationList;
			buildConfigurations = (
				671EACC2203612DE000CDFEC /* Debug */,
				671EACC3203612DE000CDFEC /* Release */,
			);
			defaultConfigurationIsVisible = 0;
			defaultConfigurationName = Release;
		};
/* End XCConfigurationList section */
	};
	rootObject = 671EACA4203612DE000CDFEC /* Project object */;
}
